// !$*UTF8*$!
{
	archiveVersion = 1;
	classes = {
	};
	objectVersion = 46;
	objects = {

/* Begin PBXBuildFile section */
		A2EF6D51E20142289F3FA028 /* Pods_ReactiveCocoaStaticTableviewCell.framework in Frameworks */ = {isa = PBXBuildFile; fileRef = E29B43608B78C1CB52F13860 /* Pods_ReactiveCocoaStaticTableviewCell.framework */; };
		A8F0ED631D63FE1B00F04676 /* main.m in Sources */ = {isa = PBXBuildFile; fileRef = A8F0ED621D63FE1B00F04676 /* main.m */; };
		A8F0ED661D63FE1B00F04676 /* AppDelegate.m in Sources */ = {isa = PBXBuildFile; fileRef = A8F0ED651D63FE1B00F04676 /* AppDelegate.m */; };
		A8F0ED691D63FE1B00F04676 /* ViewController.m in Sources */ = {isa = PBXBuildFile; fileRef = A8F0ED681D63FE1B00F04676 /* ViewController.m */; };
		A8F0ED6C1D63FE1B00F04676 /* Main.storyboard in Resources */ = {isa = PBXBuildFile; fileRef = A8F0ED6A1D63FE1B00F04676 /* Main.storyboard */; };
		A8F0ED6E1D63FE1B00F04676 /* Assets.xcassets in Resources */ = {isa = PBXBuildFile; fileRef = A8F0ED6D1D63FE1B00F04676 /* Assets.xcassets */; };
		A8F0ED711D63FE1B00F04676 /* LaunchScreen.storyboard in Resources */ = {isa = PBXBuildFile; fileRef = A8F0ED6F1D63FE1B00F04676 /* LaunchScreen.storyboard */; };
		A8F0ED7A1D64003D00F04676 /* TableViewController.m in Sources */ = {isa = PBXBuildFile; fileRef = A8F0ED791D64003D00F04676 /* TableViewController.m */; };
		A8F0ED7D1D64021100F04676 /* TableDataModel.m in Sources */ = {isa = PBXBuildFile; fileRef = A8F0ED7C1D64021100F04676 /* TableDataModel.m */; };
/* End PBXBuildFile section */

/* Begin PBXFileReference section */
		8CCB7C1E171CE58EB573B593 /* Pods-ReactiveCocoaStaticTableviewCell.release.xcconfig */ = {isa = PBXFileReference; includeInIndex = 1; lastKnownFileType = text.xcconfig; name = "Pods-ReactiveCocoaStaticTableviewCell.release.xcconfig"; path = "Pods/Target Support Files/Pods-ReactiveCocoaStaticTableviewCell/Pods-ReactiveCocoaStaticTableviewCell.release.xcconfig"; sourceTree = "<group>"; };
		A8F0ED5E1D63FE1B00F04676 /* ReactiveCocoaStaticTableviewCell.app */ = {isa = PBXFileReference; explicitFileType = wrapper.application; includeInIndex = 0; path = ReactiveCocoaStaticTableviewCell.app; sourceTree = BUILT_PRODUCTS_DIR; };
		A8F0ED621D63FE1B00F04676 /* main.m */ = {isa = PBXFileReference; lastKnownFileType = sourcecode.c.objc; path = main.m; sourceTree = "<group>"; };
		A8F0ED641D63FE1B00F04676 /* AppDelegate.h */ = {isa = PBXFileReference; lastKnownFileType = sourcecode.c.h; path = AppDelegate.h; sourceTree = "<group>"; };
		A8F0ED651D63FE1B00F04676 /* AppDelegate.m */ = {isa = PBXFileReference; lastKnownFileType = sourcecode.c.objc; path = AppDelegate.m; sourceTree = "<group>"; };
		A8F0ED671D63FE1B00F04676 /* ViewController.h */ = {isa = PBXFileReference; lastKnownFileType = sourcecode.c.h; path = ViewController.h; sourceTree = "<group>"; };
		A8F0ED681D63FE1B00F04676 /* ViewController.m */ = {isa = PBXFileReference; lastKnownFileType = sourcecode.c.objc; path = ViewController.m; sourceTree = "<group>"; };
		A8F0ED6B1D63FE1B00F04676 /* Base */ = {isa = PBXFileReference; lastKnownFileType = file.storyboard; name = Base; path = Base.lproj/Main.storyboard; sourceTree = "<group>"; };
		A8F0ED6D1D63FE1B00F04676 /* Assets.xcassets */ = {isa = PBXFileReference; lastKnownFileType = folder.assetcatalog; path = Assets.xcassets; sourceTree = "<group>"; };
		A8F0ED701D63FE1B00F04676 /* Base */ = {isa = PBXFileReference; lastKnownFileType = file.storyboard; name = Base; path = Base.lproj/LaunchScreen.storyboard; sourceTree = "<group>"; };
		A8F0ED721D63FE1B00F04676 /* Info.plist */ = {isa = PBXFileReference; lastKnownFileType = text.plist.xml; path = Info.plist; sourceTree = "<group>"; };
		A8F0ED781D64003D00F04676 /* TableViewController.h */ = {isa = PBXFileReference; fileEncoding = 4; lastKnownFileType = sourcecode.c.h; path = TableViewController.h; sourceTree = "<group>"; };
		A8F0ED791D64003D00F04676 /* TableViewController.m */ = {isa = PBXFileReference; fileEncoding = 4; lastKnownFileType = sourcecode.c.objc; path = TableViewController.m; sourceTree = "<group>"; };
		A8F0ED7B1D64021100F04676 /* TableDataModel.h */ = {isa = PBXFileReference; fileEncoding = 4; lastKnownFileType = sourcecode.c.h; path = TableDataModel.h; sourceTree = "<group>"; };
		A8F0ED7C1D64021100F04676 /* TableDataModel.m */ = {isa = PBXFileReference; fileEncoding = 4; lastKnownFileType = sourcecode.c.objc; path = TableDataModel.m; sourceTree = "<group>"; };
		C87A2B16C9F22211CBC18B56 /* Pods-ReactiveCocoaStaticTableviewCell.debug.xcconfig */ = {isa = PBXFileReference; includeInIndex = 1; lastKnownFileType = text.xcconfig; name = "Pods-ReactiveCocoaStaticTableviewCell.debug.xcconfig"; path = "Pods/Target Support Files/Pods-ReactiveCocoaStaticTableviewCell/Pods-ReactiveCocoaStaticTableviewCell.debug.xcconfig"; sourceTree = "<group>"; };
		E29B43608B78C1CB52F13860 /* Pods_ReactiveCocoaStaticTableviewCell.framework */ = {isa = PBXFileReference; explicitFileType = wrapper.framework; includeInIndex = 0; path = Pods_ReactiveCocoaStaticTableviewCell.framework; sourceTree = BUILT_PRODUCTS_DIR; };
/* End PBXFileReference section */

/* Begin PBXFrameworksBuildPhase section */
		A8F0ED5B1D63FE1B00F04676 /* Frameworks */ = {
			isa = PBXFrameworksBuildPhase;
			buildActionMask = 2147483647;
			files = (
				A2EF6D51E20142289F3FA028 /* Pods_ReactiveCocoaStaticTableviewCell.framework in Frameworks */,
			);
			runOnlyForDeploymentPostprocessing = 0;
		};
/* End PBXFrameworksBuildPhase section */

/* Begin PBXGroup section */
		21E999F107F7C191E3054F4C /* Pods */ = {
			isa = PBXGroup;
			children = (
				C87A2B16C9F22211CBC18B56 /* Pods-ReactiveCocoaStaticTableviewCell.debug.xcconfig */,
				8CCB7C1E171CE58EB573B593 /* Pods-ReactiveCocoaStaticTableviewCell.release.xcconfig */,
			);
			name = Pods;
			sourceTree = "<group>";
		};
		A8F0ED551D63FE1B00F04676 = {
			isa = PBXGroup;
			children = (
				A8F0ED601D63FE1B00F04676 /* ReactiveCocoaStaticTableviewCell */,
				A8F0ED5F1D63FE1B00F04676 /* Products */,
				21E999F107F7C191E3054F4C /* Pods */,
				FC4BEF907CDF278DB386D98E /* Frameworks */,
			);
			sourceTree = "<group>";
		};
		A8F0ED5F1D63FE1B00F04676 /* Products */ = {
			isa = PBXGroup;
			children = (
				A8F0ED5E1D63FE1B00F04676 /* ReactiveCocoaStaticTableviewCell.app */,
			);
			name = Products;
			sourceTree = "<group>";
		};
		A8F0ED601D63FE1B00F04676 /* ReactiveCocoaStaticTableviewCell */ = {
			isa = PBXGroup;
			children = (
				A8F0ED641D63FE1B00F04676 /* AppDelegate.h */,
				A8F0ED651D63FE1B00F04676 /* AppDelegate.m */,
				A8F0ED671D63FE1B00F04676 /* ViewController.h */,
				A8F0ED681D63FE1B00F04676 /* ViewController.m */,
				A8F0ED781D64003D00F04676 /* TableViewController.h */,
				A8F0ED791D64003D00F04676 /* TableViewController.m */,
				A8F0ED7B1D64021100F04676 /* TableDataModel.h */,
				A8F0ED7C1D64021100F04676 /* TableDataModel.m */,
				A8F0ED6A1D63FE1B00F04676 /* Main.storyboard */,
				A8F0ED6D1D63FE1B00F04676 /* Assets.xcassets */,
				A8F0ED6F1D63FE1B00F04676 /* LaunchScreen.storyboard */,
				A8F0ED721D63FE1B00F04676 /* Info.plist */,
				A8F0ED611D63FE1B00F04676 /* Supporting Files */,
			);
			path = ReactiveCocoaStaticTableviewCell;
			sourceTree = "<group>";
		};
		A8F0ED611D63FE1B00F04676 /* Supporting Files */ = {
			isa = PBXGroup;
			children = (
				A8F0ED621D63FE1B00F04676 /* main.m */,
			);
			name = "Supporting Files";
			sourceTree = "<group>";
		};
		FC4BEF907CDF278DB386D98E /* Frameworks */ = {
			isa = PBXGroup;
			children = (
				E29B43608B78C1CB52F13860 /* Pods_ReactiveCocoaStaticTableviewCell.framework */,
			);
			name = Frameworks;
			sourceTree = "<group>";
		};
/* End PBXGroup section */

/* Begin PBXNativeTarget section */
		A8F0ED5D1D63FE1B00F04676 /* ReactiveCocoaStaticTableviewCell */ = {
			isa = PBXNativeTarget;
			buildConfigurationList = A8F0ED751D63FE1B00F04676 /* Build configuration list for PBXNativeTarget "ReactiveCocoaStaticTableviewCell" */;
			buildPhases = (
				2E5C18E5A8BBE47561162D64 /* 📦 Check Pods Manifest.lock */,
				A8F0ED5A1D63FE1B00F04676 /* Sources */,
				A8F0ED5B1D63FE1B00F04676 /* Frameworks */,
				A8F0ED5C1D63FE1B00F04676 /* Resources */,
				B7E86461974698DEFDCF98B2 /* 📦 Embed Pods Frameworks */,
				B5927FA974A7B259EED12C06 /* 📦 Copy Pods Resources */,
			);
			buildRules = (
			);
			dependencies = (
			);
			name = ReactiveCocoaStaticTableviewCell;
			productName = ReactiveCocoaStaticTableviewCell;
			productReference = A8F0ED5E1D63FE1B00F04676 /* ReactiveCocoaStaticTableviewCell.app */;
			productType = "com.apple.product-type.application";
		};
/* End PBXNativeTarget section */

/* Begin PBXProject section */
		A8F0ED561D63FE1B00F04676 /* Project object */ = {
			isa = PBXProject;
			attributes = {
				LastUpgradeCheck = 0730;
				ORGANIZATIONNAME = CrazyBadam;
				TargetAttributes = {
					A8F0ED5D1D63FE1B00F04676 = {
						CreatedOnToolsVersion = 7.3.1;
					};
				};
			};
			buildConfigurationList = A8F0ED591D63FE1B00F04676 /* Build configuration list for PBXProject "ReactiveCocoaStaticTableviewCell" */;
			compatibilityVersion = "Xcode 3.2";
			developmentRegion = English;
			hasScannedForEncodings = 0;
			knownRegions = (
				en,
				Base,
			);
			mainGroup = A8F0ED551D63FE1B00F04676;
			productRefGroup = A8F0ED5F1D63FE1B00F04676 /* Products */;
			projectDirPath = "";
			projectRoot = "";
			targets = (
				A8F0ED5D1D63FE1B00F04676 /* ReactiveCocoaStaticTableviewCell */,
			);
		};
/* End PBXProject section */

/* Begin PBXResourcesBuildPhase section */
		A8F0ED5C1D63FE1B00F04676 /* Resources */ = {
			isa = PBXResourcesBuildPhase;
			buildActionMask = 2147483647;
			files = (
				A8F0ED711D63FE1B00F04676 /* LaunchScreen.storyboard in Resources */,
				A8F0ED6E1D63FE1B00F04676 /* Assets.xcassets in Resources */,
				A8F0ED6C1D63FE1B00F04676 /* Main.storyboard in Resources */,
			);
			runOnlyForDeploymentPostprocessing = 0;
		};
/* End PBXResourcesBuildPhase section */

/* Begin PBXShellScriptBuildPhase section */
		2E5C18E5A8BBE47561162D64 /* 📦 Check Pods Manifest.lock */ = {
			isa = PBXShellScriptBuildPhase;
			buildActionMask = 2147483647;
			files = (
			);
			inputPaths = (
			);
			name = "📦 Check Pods Manifest.lock";
			outputPaths = (
			);
			runOnlyForDeploymentPostprocessing = 0;
			shellPath = /bin/sh;
			shellScript = "diff \"${PODS_ROOT}/../Podfile.lock\" \"${PODS_ROOT}/Manifest.lock\" > /dev/null\nif [[ $? != 0 ]] ; then\n    cat << EOM\nerror: The sandbox is not in sync with the Podfile.lock. Run 'pod install' or update your CocoaPods installation.\nEOM\n    exit 1\nfi\n";
			showEnvVarsInLog = 0;
		};
		B5927FA974A7B259EED12C06 /* 📦 Copy Pods Resources */ = {
			isa = PBXShellScriptBuildPhase;
			buildActionMask = 2147483647;
			files = (
			);
			inputPaths = (
			);
			name = "📦 Copy Pods Resources";
			outputPaths = (
			);
			runOnlyForDeploymentPostprocessing = 0;
			shellPath = /bin/sh;
			shellScript = "\"${SRCROOT}/Pods/Target Support Files/Pods-ReactiveCocoaStaticTableviewCell/Pods-ReactiveCocoaStaticTableviewCell-resources.sh\"\n";
			showEnvVarsInLog = 0;
		};
		B7E86461974698DEFDCF98B2 /* 📦 Embed Pods Frameworks */ = {
			isa = PBXShellScriptBuildPhase;
			buildActionMask = 2147483647;
			files = (
			);
			inputPaths = (
			);
			name = "📦 Embed Pods Frameworks";
			outputPaths = (
			);
			runOnlyForDeploymentPostprocessing = 0;
			shellPath = /bin/sh;
			shellScript = "\"${SRCROOT}/Pods/Target Support Files/Pods-ReactiveCocoaStaticTableviewCell/Pods-ReactiveCocoaStaticTableviewCell-frameworks.sh\"\n";
			showEnvVarsInLog = 0;
		};
/* End PBXShellScriptBuildPhase section */

/* Begin PBXSourcesBuildPhase section */
		A8F0ED5A1D63FE1B00F04676 /* Sources */ = {
			isa = PBXSourcesBuildPhase;
			buildActionMask = 2147483647;
			files = (
				A8F0ED691D63FE1B00F04676 /* ViewController.m in Sources */,
				A8F0ED661D63FE1B00F04676 /* AppDelegate.m in Sources */,
				A8F0ED7D1D64021100F04676 /* TableDataModel.m in Sources */,
				A8F0ED631D63FE1B00F04676 /* main.m in Sources */,
				A8F0ED7A1D64003D00F04676 /* TableViewController.m in Sources */,
			);
			runOnlyForDeploymentPostprocessing = 0;
		};
/* End PBXSourcesBuildPhase section */

/* Begin PBXVariantGroup section */
		A8F0ED6A1D63FE1B00F04676 /* Main.storyboard */ = {
			isa = PBXVariantGroup;
			children = (
				A8F0ED6B1D63FE1B00F04676 /* Base */,
			);
			name = Main.storyboard;
			sourceTree = "<group>";
		};
		A8F0ED6F1D63FE1B00F04676 /* LaunchScreen.storyboard */ = {
			isa = PBXVariantGroup;
			children = (
				A8F0ED701D63FE1B00F04676 /* Base */,
			);
			name = LaunchScreen.storyboard;
			sourceTree = "<group>";
		};
/* End PBXVariantGroup section */

/* Begin XCBuildConfiguration section */
		A8F0ED731D63FE1B00F04676 /* Debug */ = {
			isa = XCBuildConfiguration;
			buildSettings = {
				ALWAYS_SEARCH_USER_PATHS = NO;
				CLANG_ANALYZER_NONNULL = YES;
				CLANG_CXX_LANGUAGE_STANDARD = "gnu++0x";
				CLANG_CXX_LIBRARY = "libc++";
				CLANG_ENABLE_MODULES = YES;
				CLANG_ENABLE_OBJC_ARC = YES;
				CLANG_WARN_BOOL_CONVERSION = YES;
				CLANG_WARN_CONSTANT_CONVERSION = YES;
				CLANG_WARN_DIRECT_OBJC_ISA_USAGE = YES_ERROR;
				CLANG_WARN_EMPTY_BODY = YES;
				CLANG_WARN_ENUM_CONVERSION = YES;
				CLANG_WARN_INT_CONVERSION = YES;
				CLANG_WARN_OBJC_ROOT_CLASS = YES_ERROR;
				CLANG_WARN_UNREACHABLE_CODE = YES;
				CLANG_WARN__DUPLICATE_METHOD_MATCH = YES;
				"CODE_SIGN_IDENTITY[sdk=iphoneos*]" = "iPhone Developer";
				COPY_PHASE_STRIP = NO;
				DEBUG_INFORMATION_FORMAT = dwarf;
				ENABLE_STRICT_OBJC_MSGSEND = YES;
				ENABLE_TESTABILITY = YES;
				GCC_C_LANGUAGE_STANDARD = gnu99;
				GCC_DYNAMIC_NO_PIC = NO;
				GCC_NO_COMMON_BLOCKS = YES;
				GCC_OPTIMIZATION_LEVEL = 0;
				GCC_PREPROCESSOR_DEFINITIONS = (
					"DEBUG=1",
					"$(inherited)",
				);
				GCC_WARN_64_TO_32_BIT_CONVERSION = YES;
				GCC_WARN_ABOUT_RETURN_TYPE = YES_ERROR;
				GCC_WARN_UNDECLARED_SELECTOR = YES;
				GCC_WARN_UNINITIALIZED_AUTOS = YES_AGGRESSIVE;
				GCC_WARN_UNUSED_FUNCTION = YES;
				GCC_WARN_UNUSED_VARIABLE = YES;
				IPHONEOS_DEPLOYMENT_TARGET = 9.3;
				MTL_ENABLE_DEBUG_INFO = YES;
				ONLY_ACTIVE_ARCH = YES;
				SDKROOT = iphoneos;
				TARGETED_DEVICE_FAMILY = "1,2";
			};
			name = Debug;
		};
		A8F0ED741D63FE1B00F04676 /* Release */ = {
			isa = XCBuildConfiguration;
			buildSettings = {
				ALWAYS_SEARCH_USER_PATHS = NO;
				CLANG_ANALYZER_NONNULL = YES;
				CLANG_CXX_LANGUAGE_STANDARD = "gnu++0x";
				CLANG_CXX_LIBRARY = "libc++";
				CLANG_ENABLE_MODULES = YES;
				CLANG_ENABLE_OBJC_ARC = YES;
				CLANG_WARN_BOOL_CONVERSION = YES;
				CLANG_WARN_CONSTANT_CONVERSION = YES;
				CLANG_WARN_DIRECT_OBJC_ISA_USAGE = YES_ERROR;
				CLANG_WARN_EMPTY_BODY = YES;
				CLANG_WARN_ENUM_CONVERSION = YES;
				CLANG_WARN_INT_CONVERSION = YES;
				CLANG_WARN_OBJC_ROOT_CLASS = YES_ERROR;
				CLANG_WARN_UNREACHABLE_CODE = YES;
				CLANG_WARN__DUPLICATE_METHOD_MATCH = YES;
				"CODE_SIGN_IDENTITY[sdk=iphoneos*]" = "iPhone Developer";
				COPY_PHASE_STRIP = NO;
				DEBUG_INFORMATION_FORMAT = "dwarf-with-dsym";
				ENABLE_NS_ASSERTIONS = NO;
				ENABLE_STRICT_OBJC_MSGSEND = YES;
				GCC_C_LANGUAGE_STANDARD = gnu99;
				GCC_NO_COMMON_BLOCKS = YES;
				GCC_WARN_64_TO_32_BIT_CONVERSION = YES;
				GCC_WARN_ABOUT_RETURN_TYPE = YES_ERROR;
				GCC_WARN_UNDECLARED_SELECTOR = YES;
				GCC_WARN_UNINITIALIZED_AUTOS = YES_AGGRESSIVE;
				GCC_WARN_UNUSED_FUNCTION = YES;
				GCC_WARN_UNUSED_VARIABLE = YES;
				IPHONEOS_DEPLOYMENT_TARGET = 9.3;
				MTL_ENABLE_DEBUG_INFO = NO;
				SDKROOT = iphoneos;
				TARGETED_DEVICE_FAMILY = "1,2";
				VALIDATE_PRODUCT = YES;
			};
			name = Release;
		};
		A8F0ED761D63FE1B00F04676 /* Debug */ = {
			isa = XCBuildConfiguration;
			baseConfigurationReference = C87A2B16C9F22211CBC18B56 /* Pods-ReactiveCocoaStaticTableviewCell.debug.xcconfig */;
			buildSettings = {
				ASSETCATALOG_COMPILER_APPICON_NAME = AppIcon;
				INFOPLIST_FILE = ReactiveCocoaStaticTableviewCell/Info.plist;
				LD_RUNPATH_SEARCH_PATHS = "$(inherited) @executable_path/Frameworks";
				PRODUCT_BUNDLE_IDENTIFIER = com.crazybadam.ReactiveCocoaStaticTableviewCell;
				PRODUCT_NAME = "$(TARGET_NAME)";
			};
			name = Debug;
		};
		A8F0ED771D63FE1B00F04676 /* Release */ = {
			isa = XCBuildConfiguration;
			baseConfigurationReference = 8CCB7C1E171CE58EB573B593 /* Pods-ReactiveCocoaStaticTableviewCell.release.xcconfig */;
			buildSettings = {
				ASSETCATALOG_COMPILER_APPICON_NAME = AppIcon;
				INFOPLIST_FILE = ReactiveCocoaStaticTableviewCell/Info.plist;
				LD_RUNPATH_SEARCH_PATHS = "$(inherited) @executable_path/Frameworks";
				PRODUCT_BUNDLE_IDENTIFIER = com.crazybadam.ReactiveCocoaStaticTableviewCell;
				PRODUCT_NAME = "$(TARGET_NAME)";
			};
			name = Release;
		};
/* End XCBuildConfiguration section */

/* Begin XCConfigurationList section */
		A8F0ED591D63FE1B00F04676 /* Build configuration list for PBXProject "ReactiveCocoaStaticTableviewCell" */ = {
			isa = XCConfigurationList;
			buildConfigurations = (
				A8F0ED731D63FE1B00F04676 /* Debug */,
				A8F0ED741D63FE1B00F04676 /* Release */,
			);
			defaultConfigurationIsVisible = 0;
			defaultConfigurationName = Release;
		};
		A8F0ED751D63FE1B00F04676 /* Build configuration list for PBXNativeTarget "ReactiveCocoaStaticTableviewCell" */ = {
			isa = XCConfigurationList;
			buildConfigurations = (
				A8F0ED761D63FE1B00F04676 /* Debug */,
				A8F0ED771D63FE1B00F04676 /* Release */,
			);
			defaultConfigurationIsVisible = 0;
			defaultConfigurationName = Release;
		};
/* End XCConfigurationList section */
	};
	rootObject = A8F0ED561D63FE1B00F04676 /* Project object */;
}
